
Microsoft Visual Studio Solution File, Format Version 12.00
# Visual Studio 15
VisualStudioVersion = 15.0.27703.2000
MinimumVisualStudioVersion = 10.0.40219.1
Project("{9A19103F-16F7-4668-BE54-9A1E7A4F7556}") = "LinkFetcher", "LinkFetcher\LinkFetcher.csproj", "{17DA1AB6-7953-4D06-93E1-7891D19A6BF0}"
EndProject
Project("{9A19103F-16F7-4668-BE54-9A1E7A4F7556}") = "SportApi", "SportApi\SportApi.csproj", "{FC3838B4-AA96-47E6-99AE-478F30867623}"
EndProject
Project("{FAE04EC0-301F-11D3-BF4B-00C04F79EFBC}") = "SportApiConsole", "SportApiConsole\SportApiConsole.csproj", "{AA0BB7F0-699C-412E-BBF6-E259FE4784A5}"
EndProject
Global
	GlobalSection(SolutionConfigurationPlatforms) = preSolution
		Debug|Any CPU = Debug|Any CPU
		Release|Any CPU = Release|Any CPU
	EndGlobalSection
	GlobalSection(ProjectConfigurationPlatforms) = postSolution
		{17DA1AB6-7953-4D06-93E1-7891D19A6BF0}.Debug|Any CPU.ActiveCfg = Debug|Any CPU
		{17DA1AB6-7953-4D06-93E1-7891D19A6BF0}.Debug|Any CPU.Build.0 = Debug|Any CPU
		{17DA1AB6-7953-4D06-93E1-7891D19A6BF0}.Release|Any CPU.ActiveCfg = Release|Any CPU
		{17DA1AB6-7953-4D06-93E1-7891D19A6BF0}.Release|Any CPU.Build.0 = Release|Any CPU
		{FC3838B4-AA96-47E6-99AE-478F30867623}.Debug|Any CPU.ActiveCfg = Debug|Any CPU
		{FC3838B4-AA96-47E6-99AE-478F30867623}.Debug|Any CPU.Build.0 = Debug|Any CPU
		{FC3838B4-AA96-47E6-99AE-478F30867623}.Release|Any CPU.ActiveCfg = Release|Any CPU
		{FC3838B4-AA96-47E6-99AE-478F30867623}.Release|Any CPU.Build.0 = Release|Any CPU
		{AA0BB7F0-699C-412E-BBF6-E259FE4784A5}.Debug|Any CPU.ActiveCfg = Debug|Any CPU
		{AA0BB7F0-699C-412E-BBF6-E259FE4784A5}.Debug|Any CPU.Build.0 = Debug|Any CPU
		{AA0BB7F0-699C-412E-BBF6-E259FE4784A5}.Release|Any CPU.ActiveCfg = Release|Any CPU
		{AA0BB7F0-699C-412E-BBF6-E259FE4784A5}.Release|Any CPU.Build.0 = Release|Any CPU
	EndGlobalSection
	GlobalSection(SolutionProperties) = preSolution
		HideSolutionNode = FALSE
	EndGlobalSection
	GlobalSection(ExtensibilityGlobals) = postSolution
		SolutionGuid = {E2CAE97C-A484-4B3A-B360-4EEA5845C968}
	EndGlobalSection
EndGlobal
